
Microsoft Visual Studio Solution File, Format Version 12.00
# Visual Studio 15
VisualStudioVersion = 15.0.28307.329
MinimumVisualStudioVersion = 10.0.40219.1
Project("{FAE04EC0-301F-11D3-BF4B-00C04F79EFBC}") = "contacto", "contacto\contacto.csproj", "{BA20C167-9B40-47BC-B3D8-50907CF8BB79}"
EndProject
Project("{FAE04EC0-301F-11D3-BF4B-00C04F79EFBC}") = "apiContact", "apiContact\apiContact.csproj", "{5C25A988-C47D-445C-827F-166B405DE565}"
EndProject
Project("{FAE04EC0-301F-11D3-BF4B-00C04F79EFBC}") = "AppContacto.Android", "AppContacto\AppContacto.Android\AppContacto.Android.csproj", "{A1378180-1142-41CA-952A-ABBFCA17FA09}"
EndProject
Project("{FAE04EC0-301F-11D3-BF4B-00C04F79EFBC}") = "AppContacto.iOS", "AppContacto\AppContacto.iOS\AppContacto.iOS.csproj", "{7E155B69-DF41-4468-A7F2-F748F32EE26F}"
EndProject
Project("{9A19103F-16F7-4668-BE54-9A1E7A4F7556}") = "AppContacto", "AppContacto\AppContacto\AppContacto.csproj", "{62800290-0D0B-4AF5-B94A-63F9B9BDB18D}"
EndProject
Project("{FAE04EC0-301F-11D3-BF4B-00C04F79EFBC}") = "appContactSecurity", "appContactSecurity\appContactSecurity.csproj", "{2BEA2A66-A9DD-400C-A46C-5D842FE31D21}"
EndProject
Global
	GlobalSection(SolutionConfigurationPlatforms) = preSolution
		Ad-Hoc|Any CPU = Ad-Hoc|Any CPU
		Ad-Hoc|iPhone = Ad-Hoc|iPhone
		Ad-Hoc|iPhoneSimulator = Ad-Hoc|iPhoneSimulator
		AppStore|Any CPU = AppStore|Any CPU
		AppStore|iPhone = AppStore|iPhone
		AppStore|iPhoneSimulator = AppStore|iPhoneSimulator
		Debug|Any CPU = Debug|Any CPU
		Debug|iPhone = Debug|iPhone
		Debug|iPhoneSimulator = Debug|iPhoneSimulator
		Release|Any CPU = Release|Any CPU
		Release|iPhone = Release|iPhone
		Release|iPhoneSimulator = Release|iPhoneSimulator
	EndGlobalSection
	GlobalSection(ProjectConfigurationPlatforms) = postSolution
		{BA20C167-9B40-47BC-B3D8-50907CF8BB79}.Ad-Hoc|Any CPU.ActiveCfg = Release|Any CPU
		{BA20C167-9B40-47BC-B3D8-50907CF8BB79}.Ad-Hoc|Any CPU.Build.0 = Release|Any CPU
		{BA20C167-9B40-47BC-B3D8-50907CF8BB79}.Ad-Hoc|iPhone.ActiveCfg = Release|Any CPU
		{BA20C167-9B40-47BC-B3D8-50907CF8BB79}.Ad-Hoc|iPhone.Build.0 = Release|Any CPU
		{BA20C167-9B40-47BC-B3D8-50907CF8BB79}.Ad-Hoc|iPhoneSimulator.ActiveCfg = Release|Any CPU
		{BA20C167-9B40-47BC-B3D8-50907CF8BB79}.Ad-Hoc|iPhoneSimulator.Build.0 = Release|Any CPU
		{BA20C167-9B40-47BC-B3D8-50907CF8BB79}.AppStore|Any CPU.ActiveCfg = Release|Any CPU
		{BA20C167-9B40-47BC-B3D8-50907CF8BB79}.AppStore|Any CPU.Build.0 = Release|Any CPU
		{BA20C167-9B40-47BC-B3D8-50907CF8BB79}.AppStore|iPhone.ActiveCfg = Release|Any CPU
		{BA20C167-9B40-47BC-B3D8-50907CF8BB79}.AppStore|iPhone.Build.0 = Release|Any CPU
		{BA20C167-9B40-47BC-B3D8-50907CF8BB79}.AppStore|iPhoneSimulator.ActiveCfg = Release|Any CPU
		{BA20C167-9B40-47BC-B3D8-50907CF8BB79}.AppStore|iPhoneSimulator.Build.0 = Release|Any CPU
		{BA20C167-9B40-47BC-B3D8-50907CF8BB79}.Debug|Any CPU.ActiveCfg = Debug|Any CPU
		{BA20C167-9B40-47BC-B3D8-50907CF8BB79}.Debug|Any CPU.Build.0 = Debug|Any CPU
		{BA20C167-9B40-47BC-B3D8-50907CF8BB79}.Debug|iPhone.ActiveCfg = Debug|Any CPU
		{BA20C167-9B40-47BC-B3D8-50907CF8BB79}.Debug|iPhone.Build.0 = Debug|Any CPU
		{BA20C167-9B40-47BC-B3D8-50907CF8BB79}.Debug|iPhoneSimulator.ActiveCfg = Debug|Any CPU
		{BA20C167-9B40-47BC-B3D8-50907CF8BB79}.Debug|iPhoneSimulator.Build.0 = Debug|Any CPU
		{BA20C167-9B40-47BC-B3D8-50907CF8BB79}.Release|Any CPU.ActiveCfg = Release|Any CPU
		{BA20C167-9B40-47BC-B3D8-50907CF8BB79}.Release|Any CPU.Build.0 = Release|Any CPU
		{BA20C167-9B40-47BC-B3D8-50907CF8BB79}.Release|iPhone.ActiveCfg = Release|Any CPU
		{BA20C167-9B40-47BC-B3D8-50907CF8BB79}.Release|iPhone.Build.0 = Release|Any CPU
		{BA20C167-9B40-47BC-B3D8-50907CF8BB79}.Release|iPhoneSimulator.ActiveCfg = Release|Any CPU
		{BA20C167-9B40-47BC-B3D8-50907CF8BB79}.Release|iPhoneSimulator.Build.0 = Release|Any CPU
		{5C25A988-C47D-445C-827F-166B405DE565}.Ad-Hoc|Any CPU.ActiveCfg = Release|Any CPU
		{5C25A988-C47D-445C-827F-166B405DE565}.Ad-Hoc|Any CPU.Build.0 = Release|Any CPU
		{5C25A988-C47D-445C-827F-166B405DE565}.Ad-Hoc|iPhone.ActiveCfg = Release|Any CPU
		{5C25A988-C47D-445C-827F-166B405DE565}.Ad-Hoc|iPhone.Build.0 = Release|Any CPU
		{5C25A988-C47D-445C-827F-166B405DE565}.Ad-Hoc|iPhoneSimulator.ActiveCfg = Release|Any CPU
		{5C25A988-C47D-445C-827F-166B405DE565}.Ad-Hoc|iPhoneSimulator.Build.0 = Release|Any CPU
		{5C25A988-C47D-445C-827F-166B405DE565}.AppStore|Any CPU.ActiveCfg = Release|Any CPU
		{5C25A988-C47D-445C-827F-166B405DE565}.AppStore|Any CPU.Build.0 = Release|Any CPU
		{5C25A988-C47D-445C-827F-166B405DE565}.AppStore|iPhone.ActiveCfg = Release|Any CPU
		{5C25A988-C47D-445C-827F-166B405DE565}.AppStore|iPhone.Build.0 = Release|Any CPU
		{5C25A988-C47D-445C-827F-166B405DE565}.AppStore|iPhoneSimulator.ActiveCfg = Release|Any CPU
		{5C25A988-C47D-445C-827F-166B405DE565}.AppStore|iPhoneSimulator.Build.0 = Release|Any CPU
		{5C25A988-C47D-445C-827F-166B405DE565}.Debug|Any CPU.ActiveCfg = Debug|Any CPU
		{5C25A988-C47D-445C-827F-166B405DE565}.Debug|Any CPU.Build.0 = Debug|Any CPU
		{5C25A988-C47D-445C-827F-166B405DE565}.Debug|iPhone.ActiveCfg = Debug|Any CPU
		{5C25A988-C47D-445C-827F-166B405DE565}.Debug|iPhone.Build.0 = Debug|Any CPU
		{5C25A988-C47D-445C-827F-166B405DE565}.Debug|iPhoneSimulator.ActiveCfg = Debug|Any CPU
		{5C25A988-C47D-445C-827F-166B405DE565}.Debug|iPhoneSimulator.Build.0 = Debug|Any CPU
		{5C25A988-C47D-445C-827F-166B405DE565}.Release|Any CPU.ActiveCfg = Release|Any CPU
		{5C25A988-C47D-445C-827F-166B405DE565}.Release|Any CPU.Build.0 = Release|Any CPU
		{5C25A988-C47D-445C-827F-166B405DE565}.Release|iPhone.ActiveCfg = Release|Any CPU
		{5C25A988-C47D-445C-827F-166B405DE565}.Release|iPhone.Build.0 = Release|Any CPU
		{5C25A988-C47D-445C-827F-166B405DE565}.Release|iPhoneSimulator.ActiveCfg = Release|Any CPU
		{5C25A988-C47D-445C-827F-166B405DE565}.Release|iPhoneSimulator.Build.0 = Release|Any CPU
		{A1378180-1142-41CA-952A-ABBFCA17FA09}.Ad-Hoc|Any CPU.ActiveCfg = Release|Any CPU
		{A1378180-1142-41CA-952A-ABBFCA17FA09}.Ad-Hoc|Any CPU.Build.0 = Release|Any CPU
		{A1378180-1142-41CA-952A-ABBFCA17FA09}.Ad-Hoc|Any CPU.Deploy.0 = Release|Any CPU
		{A1378180-1142-41CA-952A-ABBFCA17FA09}.Ad-Hoc|iPhone.ActiveCfg = Release|Any CPU
		{A1378180-1142-41CA-952A-ABBFCA17FA09}.Ad-Hoc|iPhone.Build.0 = Release|Any CPU
		{A1378180-1142-41CA-952A-ABBFCA17FA09}.Ad-Hoc|iPhone.Deploy.0 = Release|Any CPU
		{A1378180-1142-41CA-952A-ABBFCA17FA09}.Ad-Hoc|iPhoneSimulator.ActiveCfg = Release|Any CPU
		{A1378180-1142-41CA-952A-ABBFCA17FA09}.Ad-Hoc|iPhoneSimulator.Build.0 = Release|Any CPU
		{A1378180-1142-41CA-952A-ABBFCA17FA09}.Ad-Hoc|iPhoneSimulator.Deploy.0 = Release|Any CPU
		{A1378180-1142-41CA-952A-ABBFCA17FA09}.AppStore|Any CPU.ActiveCfg = Release|Any CPU
		{A1378180-1142-41CA-952A-ABBFCA17FA09}.AppStore|Any CPU.Build.0 = Release|Any CPU
		{A1378180-1142-41CA-952A-ABBFCA17FA09}.AppStore|Any CPU.Deploy.0 = Release|Any CPU
		{A1378180-1142-41CA-952A-ABBFCA17FA09}.AppStore|iPhone.ActiveCfg = Release|Any CPU
		{A1378180-1142-41CA-952A-ABBFCA17FA09}.AppStore|iPhone.Build.0 = Release|Any CPU
		{A1378180-1142-41CA-952A-ABBFCA17FA09}.AppStore|iPhone.Deploy.0 = Release|Any CPU
		{A1378180-1142-41CA-952A-ABBFCA17FA09}.AppStore|iPhoneSimulator.ActiveCfg = Release|Any CPU
		{A1378180-1142-41CA-952A-ABBFCA17FA09}.AppStore|iPhoneSimulator.Build.0 = Release|Any CPU
		{A1378180-1142-41CA-952A-ABBFCA17FA09}.AppStore|iPhoneSimulator.Deploy.0 = Release|Any CPU
		{A1378180-1142-41CA-952A-ABBFCA17FA09}.Debug|Any CPU.ActiveCfg = Debug|Any CPU
		{A1378180-1142-41CA-952A-ABBFCA17FA09}.Debug|Any CPU.Build.0 = Debug|Any CPU
		{A1378180-1142-41CA-952A-ABBFCA17FA09}.Debug|Any CPU.Deploy.0 = Debug|Any CPU
		{A1378180-1142-41CA-952A-ABBFCA17FA09}.Debug|iPhone.ActiveCfg = Debug|Any CPU
		{A1378180-1142-41CA-952A-ABBFCA17FA09}.Debug|iPhone.Build.0 = Debug|Any CPU
		{A1378180-1142-41CA-952A-ABBFCA17FA09}.Debug|iPhone.Deploy.0 = Debug|Any CPU
		{A1378180-1142-41CA-952A-ABBFCA17FA09}.Debug|iPhoneSimulator.ActiveCfg = Debug|Any CPU
		{A1378180-1142-41CA-952A-ABBFCA17FA09}.Debug|iPhoneSimulator.Build.0 = Debug|Any CPU
		{A1378180-1142-41CA-952A-ABBFCA17FA09}.Debug|iPhoneSimulator.Deploy.0 = Debug|Any CPU
		{A1378180-1142-41CA-952A-ABBFCA17FA09}.Release|Any CPU.ActiveCfg = Release|Any CPU
		{A1378180-1142-41CA-952A-ABBFCA17FA09}.Release|Any CPU.Build.0 = Release|Any CPU
		{A1378180-1142-41CA-952A-ABBFCA17FA09}.Release|Any CPU.Deploy.0 = Release|Any CPU
		{A1378180-1142-41CA-952A-ABBFCA17FA09}.Release|iPhone.ActiveCfg = Release|Any CPU
		{A1378180-1142-41CA-952A-ABBFCA17FA09}.Release|iPhone.Build.0 = Release|Any CPU
		{A1378180-1142-41CA-952A-ABBFCA17FA09}.Release|iPhone.Deploy.0 = Release|Any CPU
		{A1378180-1142-41CA-952A-ABBFCA17FA09}.Release|iPhoneSimulator.ActiveCfg = Release|Any CPU
		{A1378180-1142-41CA-952A-ABBFCA17FA09}.Release|iPhoneSimulator.Build.0 = Release|Any CPU
		{A1378180-1142-41CA-952A-ABBFCA17FA09}.Release|iPhoneSimulator.Deploy.0 = Release|Any CPU
		{7E155B69-DF41-4468-A7F2-F748F32EE26F}.Ad-Hoc|Any CPU.ActiveCfg = Ad-Hoc|iPhone
		{7E155B69-DF41-4468-A7F2-F748F32EE26F}.Ad-Hoc|iPhone.ActiveCfg = Ad-Hoc|iPhone
		{7E155B69-DF41-4468-A7F2-F748F32EE26F}.Ad-Hoc|iPhone.Build.0 = Ad-Hoc|iPhone
		{7E155B69-DF41-4468-A7F2-F748F32EE26F}.Ad-Hoc|iPhoneSimulator.ActiveCfg = Ad-Hoc|iPhoneSimulator
		{7E155B69-DF41-4468-A7F2-F748F32EE26F}.Ad-Hoc|iPhoneSimulator.Build.0 = Ad-Hoc|iPhoneSimulator
		{7E155B69-DF41-4468-A7F2-F748F32EE26F}.AppStore|Any CPU.ActiveCfg = AppStore|iPhone
		{7E155B69-DF41-4468-A7F2-F748F32EE26F}.AppStore|iPhone.ActiveCfg = AppStore|iPhone
		{7E155B69-DF41-4468-A7F2-F748F32EE26F}.AppStore|iPhone.Build.0 = AppStore|iPhone
		{7E155B69-DF41-4468-A7F2-F748F32EE26F}.AppStore|iPhoneSimulator.ActiveCfg = AppStore|iPhoneSimulator
		{7E155B69-DF41-4468-A7F2-F748F32EE26F}.AppStore|iPhoneSimulator.Build.0 = AppStore|iPhoneSimulator
		{7E155B69-DF41-4468-A7F2-F748F32EE26F}.Debug|Any CPU.ActiveCfg = Debug|iPhone
		{7E155B69-DF41-4468-A7F2-F748F32EE26F}.Debug|iPhone.ActiveCfg = Debug|iPhone
		{7E155B69-DF41-4468-A7F2-F748F32EE26F}.Debug|iPhone.Build.0 = Debug|iPhone
		{7E155B69-DF41-4468-A7F2-F748F32EE26F}.Debug|iPhoneSimulator.ActiveCfg = Debug|iPhoneSimulator
		{7E155B69-DF41-4468-A7F2-F748F32EE26F}.Debug|iPhoneSimulator.Build.0 = Debug|iPhoneSimulator
		{7E155B69-DF41-4468-A7F2-F748F32EE26F}.Release|Any CPU.ActiveCfg = Release|iPhone
		{7E155B69-DF41-4468-A7F2-F748F32EE26F}.Release|iPhone.ActiveCfg = Release|iPhone
		{7E155B69-DF41-4468-A7F2-F748F32EE26F}.Release|iPhone.Build.0 = Release|iPhone
		{7E155B69-DF41-4468-A7F2-F748F32EE26F}.Release|iPhoneSimulator.ActiveCfg = Release|iPhoneSimulator
		{7E155B69-DF41-4468-A7F2-F748F32EE26F}.Release|iPhoneSimulator.Build.0 = Release|iPhoneSimulator
		{62800290-0D0B-4AF5-B94A-63F9B9BDB18D}.Ad-Hoc|Any CPU.ActiveCfg = Debug|Any CPU
		{62800290-0D0B-4AF5-B94A-63F9B9BDB18D}.Ad-Hoc|Any CPU.Build.0 = Debug|Any CPU
		{62800290-0D0B-4AF5-B94A-63F9B9BDB18D}.Ad-Hoc|iPhone.ActiveCfg = Debug|Any CPU
		{62800290-0D0B-4AF5-B94A-63F9B9BDB18D}.Ad-Hoc|iPhone.Build.0 = Debug|Any CPU
		{62800290-0D0B-4AF5-B94A-63F9B9BDB18D}.Ad-Hoc|iPhoneSimulator.ActiveCfg = Debug|Any CPU
		{62800290-0D0B-4AF5-B94A-63F9B9BDB18D}.Ad-Hoc|iPhoneSimulator.Build.0 = Debug|Any CPU
		{62800290-0D0B-4AF5-B94A-63F9B9BDB18D}.AppStore|Any CPU.ActiveCfg = Debug|Any CPU
		{62800290-0D0B-4AF5-B94A-63F9B9BDB18D}.AppStore|Any CPU.Build.0 = Debug|Any CPU
		{62800290-0D0B-4AF5-B94A-63F9B9BDB18D}.AppStore|iPhone.ActiveCfg = Debug|Any CPU
		{62800290-0D0B-4AF5-B94A-63F9B9BDB18D}.AppStore|iPhone.Build.0 = Debug|Any CPU
		{62800290-0D0B-4AF5-B94A-63F9B9BDB18D}.AppStore|iPhoneSimulator.ActiveCfg = Debug|Any CPU
		{62800290-0D0B-4AF5-B94A-63F9B9BDB18D}.AppStore|iPhoneSimulator.Build.0 = Debug|Any CPU
		{62800290-0D0B-4AF5-B94A-63F9B9BDB18D}.Debug|Any CPU.ActiveCfg = Debug|Any CPU
		{62800290-0D0B-4AF5-B94A-63F9B9BDB18D}.Debug|Any CPU.Build.0 = Debug|Any CPU
		{62800290-0D0B-4AF5-B94A-63F9B9BDB18D}.Debug|iPhone.ActiveCfg = Debug|Any CPU
		{62800290-0D0B-4AF5-B94A-63F9B9BDB18D}.Debug|iPhone.Build.0 = Debug|Any CPU
		{62800290-0D0B-4AF5-B94A-63F9B9BDB18D}.Debug|iPhoneSimulator.ActiveCfg = Debug|Any CPU
		{62800290-0D0B-4AF5-B94A-63F9B9BDB18D}.Debug|iPhoneSimulator.Build.0 = Debug|Any CPU
		{62800290-0D0B-4AF5-B94A-63F9B9BDB18D}.Release|Any CPU.ActiveCfg = Release|Any CPU
		{62800290-0D0B-4AF5-B94A-63F9B9BDB18D}.Release|Any CPU.Build.0 = Release|Any CPU
		{62800290-0D0B-4AF5-B94A-63F9B9BDB18D}.Release|iPhone.ActiveCfg = Release|Any CPU
		{62800290-0D0B-4AF5-B94A-63F9B9BDB18D}.Release|iPhone.Build.0 = Release|Any CPU
		{62800290-0D0B-4AF5-B94A-63F9B9BDB18D}.Release|iPhoneSimulator.ActiveCfg = Release|Any CPU
		{62800290-0D0B-4AF5-B94A-63F9B9BDB18D}.Release|iPhoneSimulator.Build.0 = Release|Any CPU
		{2BEA2A66-A9DD-400C-A46C-5D842FE31D21}.Ad-Hoc|Any CPU.ActiveCfg = Release|Any CPU
		{2BEA2A66-A9DD-400C-A46C-5D842FE31D21}.Ad-Hoc|Any CPU.Build.0 = Release|Any CPU
		{2BEA2A66-A9DD-400C-A46C-5D842FE31D21}.Ad-Hoc|iPhone.ActiveCfg = Release|Any CPU
		{2BEA2A66-A9DD-400C-A46C-5D842FE31D21}.Ad-Hoc|iPhone.Build.0 = Release|Any CPU
		{2BEA2A66-A9DD-400C-A46C-5D842FE31D21}.Ad-Hoc|iPhoneSimulator.ActiveCfg = Release|Any CPU
		{2BEA2A66-A9DD-400C-A46C-5D842FE31D21}.Ad-Hoc|iPhoneSimulator.Build.0 = Release|Any CPU
		{2BEA2A66-A9DD-400C-A46C-5D842FE31D21}.AppStore|Any CPU.ActiveCfg = Release|Any CPU
		{2BEA2A66-A9DD-400C-A46C-5D842FE31D21}.AppStore|Any CPU.Build.0 = Release|Any CPU
		{2BEA2A66-A9DD-400C-A46C-5D842FE31D21}.AppStore|iPhone.ActiveCfg = Release|Any CPU
		{2BEA2A66-A9DD-400C-A46C-5D842FE31D21}.AppStore|iPhone.Build.0 = Release|Any CPU
		{2BEA2A66-A9DD-400C-A46C-5D842FE31D21}.AppStore|iPhoneSimulator.ActiveCfg = Release|Any CPU
		{2BEA2A66-A9DD-400C-A46C-5D842FE31D21}.AppStore|iPhoneSimulator.Build.0 = Release|Any CPU
		{2BEA2A66-A9DD-400C-A46C-5D842FE31D21}.Debug|Any CPU.ActiveCfg = Debug|Any CPU
		{2BEA2A66-A9DD-400C-A46C-5D842FE31D21}.Debug|Any CPU.Build.0 = Debug|Any CPU
		{2BEA2A66-A9DD-400C-A46C-5D842FE31D21}.Debug|iPhone.ActiveCfg = Debug|Any CPU
		{2BEA2A66-A9DD-400C-A46C-5D842FE31D21}.Debug|iPhone.Build.0 = Debug|Any CPU
		{2BEA2A66-A9DD-400C-A46C-5D842FE31D21}.Debug|iPhoneSimulator.ActiveCfg = Debug|Any CPU
		{2BEA2A66-A9DD-400C-A46C-5D842FE31D21}.Debug|iPhoneSimulator.Build.0 = Debug|Any CPU
		{2BEA2A66-A9DD-400C-A46C-5D842FE31D21}.Release|Any CPU.ActiveCfg = Release|Any CPU
		{2BEA2A66-A9DD-400C-A46C-5D842FE31D21}.Release|Any CPU.Build.0 = Release|Any CPU
		{2BEA2A66-A9DD-400C-A46C-5D842FE31D21}.Release|iPhone.ActiveCfg = Release|Any CPU
		{2BEA2A66-A9DD-400C-A46C-5D842FE31D21}.Release|iPhone.Build.0 = Release|Any CPU
		{2BEA2A66-A9DD-400C-A46C-5D842FE31D21}.Release|iPhoneSimulator.ActiveCfg = Release|Any CPU
		{2BEA2A66-A9DD-400C-A46C-5D842FE31D21}.Release|iPhoneSimulator.Build.0 = Release|Any CPU
	EndGlobalSection
	GlobalSection(SolutionProperties) = preSolution
		HideSolutionNode = FALSE
	EndGlobalSection
	GlobalSection(ExtensibilityGlobals) = postSolution
		SolutionGuid = {C1912565-2633-4620-A7D1-EDC1B0BFDAE2}
	EndGlobalSection
EndGlobal
